#MicroXplorer Configuration settings - do not modify
Mcu.Family=STM32F1
NVIC.USART3_IRQn=true\:0\:0\:false\:false\:true\:true\:true
ProjectManager.MainLocation=Core/Src
RCC.MCOFreq_Value=32000000
PB13.GPIOParameters=GPIO_Speed,GPIO_Label
ProjectManager.KeepUserCode=true
PB10.GPIO_Speed=GPIO_SPEED_FREQ_MEDIUM
Mcu.UserName=STM32F103RCTx
RCC.PLLCLKFreq_Value=32000000
PC10.Signal=USART3_TX
PB14.GPIO_Label=IN7
ProjectManager.functionlistsort=1-MX_GPIO_Init-GPIO-false-HAL-true,2-SystemClock_Config-RCC-false-HAL-false,3-MX_TIM2_Init-TIM2-false-HAL-true,4-MX_TIM3_Init-TIM3-false-HAL-true,5-MX_USART3_UART_Init-USART3-false-HAL-true
PA3.GPIOParameters=GPIO_Label
RCC.ADCFreqValue=16000000
PA6.GPIO_Label=R
PB0.GPIO_Label=IN1
TIM2.Channel-PWM\ Generation2\ CH2=TIM_CHANNEL_2
PB13.GPIO_Label=IN6
PB11.Signal=GPIO_Output
PB13.Signal=GPIO_Output
PB15.Signal=GPIO_Output
PA2.GPIOParameters=GPIO_Label
PinOutPanel.RotationAngle=0
RCC.SYSCLKSource=RCC_SYSCLKSOURCE_PLLCLK
ProjectManager.StackSize=0x400
PD1-OSC_OUT.Signal=RCC_OSC_OUT
PB11.GPIO_Speed=GPIO_SPEED_FREQ_MEDIUM
Mcu.IP4=TIM3
RCC.FCLKCortexFreq_Value=32000000
Mcu.IP5=USART3
NVIC.SVCall_IRQn=true\:0\:0\:false\:false\:true\:false\:false
Mcu.IP2=SYS
RCC.SDIOHCLKDiv2FreqValue=16000000
Mcu.IP3=TIM2
Mcu.IP0=NVIC
Mcu.IP1=RCC
USART3.BaudRate=9600
Mcu.UserConstants=
SH.S_TIM3_CH2.ConfNb=1
Mcu.ThirdPartyNb=0
RCC.SDIOFreq_Value=32000000
RCC.HCLKFreq_Value=32000000
Mcu.IPNb=6
TIM2.IPParameters=Prescaler,Period,Channel-PWM Generation1 CH1,Channel-PWM Generation2 CH2,Channel-PWM Generation3 CH3,Channel-PWM Generation4 CH4
ProjectManager.PreviousToolchain=
RCC.APB2TimFreq_Value=32000000
TIM3.Period=10000-1
PA8.GPIOParameters=GPIO_Speed,PinState,GPIO_Label
Mcu.Pin6=PA6
Mcu.Pin7=PA7
VP_TIM2_VS_ClockSourceINT.Signal=TIM2_VS_ClockSourceINT
Mcu.Pin8=PB0
Mcu.Pin9=PB1
RCC.AHBFreq_Value=32000000
PB13.Locked=true
Mcu.Pin0=PD0-OSC_IN
Mcu.Pin1=PD1-OSC_OUT
GPIO.groupedBy=Group By Peripherals
Mcu.Pin2=PA0-WKUP
Mcu.Pin3=PA1
Mcu.Pin4=PA2
PA0-WKUP.GPIOParameters=GPIO_Label
Mcu.Pin5=PA3
ProjectManager.ProjectBuild=false
NVIC.UsageFault_IRQn=true\:0\:0\:false\:false\:true\:false\:false
NVIC.DebugMonitor_IRQn=true\:0\:0\:false\:false\:true\:false\:false
PA8.Locked=true
NVIC.SysTick_IRQn=true\:0\:0\:false\:false\:true\:false\:true
RCC.PLLMUL=RCC_PLL_MUL4
PB12.GPIO_Label=IN5
ProjectManager.FirmwarePackage=STM32Cube FW_F1 V1.8.3
MxDb.Version=DB.6.0.10
PB0.GPIOParameters=GPIO_Speed,GPIO_Label
PA6.GPIO_PuPd=GPIO_PULLUP
PA1.GPIOParameters=GPIO_Label
ProjectManager.BackupPrevious=false
PB1.GPIO_Speed=GPIO_SPEED_FREQ_MEDIUM
PA14.Mode=Serial_Wire
TIM3.Prescaler=32-1
PB1.GPIO_Label=IN2
NVIC.TIM2_IRQn=true\:0\:0\:false\:false\:true\:true\:true
File.Version=6
PB7.Signal=GPIO_Input
PA8.Signal=GPIO_Output
TIM2.Channel-PWM\ Generation1\ CH1=TIM_CHANNEL_1
NVIC.PendSV_IRQn=true\:0\:0\:false\:false\:true\:false\:false
ProjectManager.HalAssertFull=false
PB0.Locked=true
ProjectManager.ProjectName=DVM
RCC.PLLMCOFreq_Value=16000000
PB7.GPIO_Label=L
Mcu.Package=LQFP64
TIM2.Prescaler=3200-1
PB1.Signal=GPIO_Output
PA6.Signal=GPIO_Input
RCC.I2S2Freq_Value=32000000
ProjectManager.ToolChainLocation=
PA2.GPIO_Label=EN3
VP_SYS_VS_Systick.Signal=SYS_VS_Systick
USART3.IPParameters=VirtualMode,BaudRate
PC11.Mode=Asynchronous
PB14.GPIOParameters=GPIO_Speed,GPIO_Label
RCC.APB1TimFreq_Value=32000000
NVIC.BusFault_IRQn=true\:0\:0\:false\:false\:true\:false\:false
TIM3.Pulse-PWM\ Generation2\ CH2=5000
PB10.GPIOParameters=GPIO_Speed,GPIO_Label
SH.S_TIM2_CH4.ConfNb=1
PA8.GPIO_Speed=GPIO_SPEED_FREQ_MEDIUM
ProjectManager.CustomerFirmwarePackage=
PA8.PinState=GPIO_PIN_SET
PB15.Locked=true
PA3.Signal=S_TIM2_CH4
PA6.GPIOParameters=GPIO_PuPd,GPIO_Label
PB7.GPIO_PuPd=GPIO_PULLUP
RCC.PLLSourceVirtual=RCC_PLLSOURCE_HSE
ProjectManager.ProjectFileName=DVM.ioc
TIM2.Channel-PWM\ Generation4\ CH4=TIM_CHANNEL_4
PD1-OSC_OUT.Mode=HSE-External-Oscillator
Mcu.PinsNb=24
ProjectManager.NoMain=false
PC11.Signal=USART3_RX
PC10.Mode=Asynchronous
PB11.GPIO_Label=IN4
ProjectManager.DefaultFWLocation=true
PD0-OSC_IN.Signal=RCC_OSC_IN
PB12.Locked=true
ProjectManager.DeletePrevious=true
PB14.Locked=true
PB10.Locked=true
SH.S_TIM2_CH1_ETR.ConfNb=1
RCC.FamilyName=M
RCC.I2S3Freq_Value=32000000
PA0-WKUP.GPIO_Label=EN1
PA0-WKUP.Signal=S_TIM2_CH1_ETR
PB0.GPIO_Speed=GPIO_SPEED_FREQ_MEDIUM
PA13.Signal=SYS_JTMS-SWDIO
SH.S_TIM2_CH2.0=TIM2_CH2,PWM Generation2 CH2
PA8.GPIO_Label=LED
ProjectManager.TargetToolchain=Other Toolchains (GPDSC)
PB14.GPIO_Speed=GPIO_SPEED_FREQ_MEDIUM
PB10.GPIO_Label=IN3
PB7.GPIOParameters=GPIO_PuPd,GPIO_Label
SH.S_TIM2_CH2.ConfNb=1
PB13.GPIO_Speed=GPIO_SPEED_FREQ_MEDIUM
PB11.GPIOParameters=GPIO_Speed,GPIO_Label
ProjectManager.RegisterCallBack=
RCC.USBFreq_Value=32000000
PA1.Signal=S_TIM2_CH2
PB12.GPIO_Speed=GPIO_SPEED_FREQ_MEDIUM
PB1.Locked=true
PD0-OSC_IN.Mode=HSE-External-Oscillator
PB10.Signal=GPIO_Output
PB14.Signal=GPIO_Output
SH.S_TIM3_CH2.0=TIM3_CH2,PWM Generation2 CH2
board=custom
ProjectManager.LastFirmware=true
NVIC.TIM3_IRQn=true\:0\:0\:false\:false\:true\:true\:true
RCC.VCOOutput2Freq_Value=8000000
RCC.APB2Freq_Value=32000000
MxCube.Version=6.1.1
PB15.GPIO_Label=IN8
VP_TIM2_VS_ClockSourceINT.Mode=Internal
SH.S_TIM2_CH3.0=TIM2_CH3,PWM Generation3 CH3
PB15.GPIO_Speed=GPIO_SPEED_FREQ_MEDIUM
PA1.GPIO_Label=EN2
VP_SYS_VS_Systick.Mode=SysTick
TIM2.Channel-PWM\ Generation3\ CH3=TIM_CHANNEL_3
TIM3.IPParameters=Prescaler,Period,Channel-PWM Generation2 CH2,Pulse-PWM Generation2 CH2
NVIC.NonMaskableInt_IRQn=true\:0\:0\:false\:false\:true\:false\:false
SH.S_TIM2_CH3.ConfNb=1
TIM2.Period=100-1
PB15.GPIOParameters=GPIO_Speed,GPIO_Label
PA13.Mode=Serial_Wire
ProjectManager.FreePins=false
RCC.IPParameters=ADCFreqValue,AHBFreq_Value,APB1Freq_Value,APB1TimFreq_Value,APB2Freq_Value,APB2TimFreq_Value,FCLKCortexFreq_Value,FamilyName,HCLKFreq_Value,I2S2Freq_Value,I2S3Freq_Value,MCOFreq_Value,PLLCLKFreq_Value,PLLMCOFreq_Value,PLLMUL,PLLSourceVirtual,SDIOFreq_Value,SDIOHCLKDiv2FreqValue,SYSCLKFreq_VALUE,SYSCLKSource,TimSysFreq_Value,USBFreq_Value,VCOOutput2Freq_Value
ProjectManager.AskForMigrate=true
Mcu.Name=STM32F103R(C-D-E)Tx
PA2.Signal=S_TIM2_CH3
ProjectManager.UnderRoot=false
ProjectManager.CoupleFile=true
RCC.SYSCLKFreq_VALUE=32000000
Mcu.Pin22=VP_SYS_VS_Systick
Mcu.Pin23=VP_TIM2_VS_ClockSourceINT
RCC.TimSysFreq_Value=32000000
PA7.GPIO_Label=Gripper
Mcu.Pin20=PC11
Mcu.Pin21=PB7
NVIC.ForceEnableDMAVector=true
KeepUserPlacement=false
USART3.VirtualMode=VM_ASYNC
NVIC.MemoryManagement_IRQn=true\:0\:0\:false\:false\:true\:false\:false
ProjectManager.CompilerOptimize=6
SH.S_TIM2_CH1_ETR.0=TIM2_CH1,PWM Generation1 CH1
PA14.Signal=SYS_JTCK-SWCLK
ProjectManager.HeapSize=0x200
Mcu.Pin15=PB15
NVIC.HardFault_IRQn=true\:0\:0\:false\:false\:true\:false\:false
Mcu.Pin16=PA8
SH.S_TIM2_CH4.0=TIM2_CH4,PWM Generation4 CH4
Mcu.Pin13=PB13
Mcu.Pin14=PB14
Mcu.Pin19=PC10
ProjectManager.ComputerToolchain=false
Mcu.Pin17=PA13
Mcu.Pin18=PA14
NVIC.PriorityGroup=NVIC_PRIORITYGROUP_4
Mcu.Pin11=PB11
TIM3.Channel-PWM\ Generation2\ CH2=TIM_CHANNEL_2
Mcu.Pin12=PB12
Mcu.Pin10=PB10
PB7.Locked=true
RCC.APB1Freq_Value=32000000
PB0.Signal=GPIO_Output
PA7.GPIOParameters=GPIO_Label
PB11.Locked=true
ProjectManager.DeviceId=STM32F103RCTx
PB12.GPIOParameters=GPIO_Speed,GPIO_Label
PB12.Signal=GPIO_Output
ProjectManager.LibraryCopy=2
PA3.GPIO_Label=EN4
PB1.GPIOParameters=GPIO_Speed,GPIO_Label
PA7.Signal=S_TIM3_CH2
PA6.Locked=true
